
Microsoft Visual Studio Solution File, Format Version 12.00
# Visual Studio 15
VisualStudioVersion = 15.0.27703.1
MinimumVisualStudioVersion = 10.0.40219.1
Project("{FAE04EC0-301F-11D3-BF4B-00C04F79EFBC}") = "AnonimusMethod", "AnonimusMethod\AnonimusMethod.csproj", "{9C9D40DD-48D5-446A-A0E6-6FD3F5E6362C}"
EndProject
Project("{FAE04EC0-301F-11D3-BF4B-00C04F79EFBC}") = "People", "Lambda Expression\People.csproj", "{F9CA1AED-D011-4284-A83A-908F991A1660}"
EndProject
Project("{FAE04EC0-301F-11D3-BF4B-00C04F79EFBC}") = "ExtensionMethod", "Math\ExtensionMethod.csproj", "{D7A951E0-A1EE-41E0-84C2-1C780B2886C0}"
EndProject
Project("{FAE04EC0-301F-11D3-BF4B-00C04F79EFBC}") = "First", "Delegate\First.csproj", "{44BAE32B-A2EB-47F5-8F94-72E71D3DDF52}"
EndProject
Project("{FAE04EC0-301F-11D3-BF4B-00C04F79EFBC}") = "UnitTestProject1", "UnitTestProject1\UnitTestProject1.csproj", "{D87E8F3E-320D-4964-8863-974768049C43}"
EndProject
Project("{FAE04EC0-301F-11D3-BF4B-00C04F79EFBC}") = "TDD", "ConsoleApp1\TDD.csproj", "{981F27FE-5E01-4D45-B40F-9E21F1FEF036}"
EndProject
Global
	GlobalSection(SolutionConfigurationPlatforms) = preSolution
		Debug|Any CPU = Debug|Any CPU
		Release|Any CPU = Release|Any CPU
	EndGlobalSection
	GlobalSection(ProjectConfigurationPlatforms) = postSolution
		{9C9D40DD-48D5-446A-A0E6-6FD3F5E6362C}.Debug|Any CPU.ActiveCfg = Debug|Any CPU
		{9C9D40DD-48D5-446A-A0E6-6FD3F5E6362C}.Debug|Any CPU.Build.0 = Debug|Any CPU
		{9C9D40DD-48D5-446A-A0E6-6FD3F5E6362C}.Release|Any CPU.ActiveCfg = Release|Any CPU
		{9C9D40DD-48D5-446A-A0E6-6FD3F5E6362C}.Release|Any CPU.Build.0 = Release|Any CPU
		{F9CA1AED-D011-4284-A83A-908F991A1660}.Debug|Any CPU.ActiveCfg = Debug|Any CPU
		{F9CA1AED-D011-4284-A83A-908F991A1660}.Debug|Any CPU.Build.0 = Debug|Any CPU
		{F9CA1AED-D011-4284-A83A-908F991A1660}.Release|Any CPU.ActiveCfg = Release|Any CPU
		{F9CA1AED-D011-4284-A83A-908F991A1660}.Release|Any CPU.Build.0 = Release|Any CPU
		{D7A951E0-A1EE-41E0-84C2-1C780B2886C0}.Debug|Any CPU.ActiveCfg = Debug|Any CPU
		{D7A951E0-A1EE-41E0-84C2-1C780B2886C0}.Debug|Any CPU.Build.0 = Debug|Any CPU
		{D7A951E0-A1EE-41E0-84C2-1C780B2886C0}.Release|Any CPU.ActiveCfg = Release|Any CPU
		{D7A951E0-A1EE-41E0-84C2-1C780B2886C0}.Release|Any CPU.Build.0 = Release|Any CPU
		{44BAE32B-A2EB-47F5-8F94-72E71D3DDF52}.Debug|Any CPU.ActiveCfg = Debug|Any CPU
		{44BAE32B-A2EB-47F5-8F94-72E71D3DDF52}.Debug|Any CPU.Build.0 = Debug|Any CPU
		{44BAE32B-A2EB-47F5-8F94-72E71D3DDF52}.Release|Any CPU.ActiveCfg = Release|Any CPU
		{44BAE32B-A2EB-47F5-8F94-72E71D3DDF52}.Release|Any CPU.Build.0 = Release|Any CPU
		{D87E8F3E-320D-4964-8863-974768049C43}.Debug|Any CPU.ActiveCfg = Debug|Any CPU
		{D87E8F3E-320D-4964-8863-974768049C43}.Debug|Any CPU.Build.0 = Debug|Any CPU
		{D87E8F3E-320D-4964-8863-974768049C43}.Release|Any CPU.ActiveCfg = Release|Any CPU
		{D87E8F3E-320D-4964-8863-974768049C43}.Release|Any CPU.Build.0 = Release|Any CPU
		{981F27FE-5E01-4D45-B40F-9E21F1FEF036}.Debug|Any CPU.ActiveCfg = Debug|Any CPU
		{981F27FE-5E01-4D45-B40F-9E21F1FEF036}.Debug|Any CPU.Build.0 = Debug|Any CPU
		{981F27FE-5E01-4D45-B40F-9E21F1FEF036}.Release|Any CPU.ActiveCfg = Release|Any CPU
		{981F27FE-5E01-4D45-B40F-9E21F1FEF036}.Release|Any CPU.Build.0 = Release|Any CPU
	EndGlobalSection
	GlobalSection(SolutionProperties) = preSolution
		HideSolutionNode = FALSE
	EndGlobalSection
	GlobalSection(ExtensibilityGlobals) = postSolution
		SolutionGuid = {0B91365E-C9F8-4FF9-A965-5BCC9893A793}
	EndGlobalSection
EndGlobal
