
Microsoft Visual Studio Solution File, Format Version 12.00
# Visual Studio 15
VisualStudioVersion = 15.0.27703.1
MinimumVisualStudioVersion = 10.0.40219.1
Project("{FAE04EC0-301F-11D3-BF4B-00C04F79EFBC}") = "Inc", "Inc\Inc.csproj", "{F1A5B057-4994-4B69-B627-6A27D55E4D0C}"
EndProject
Global
	GlobalSection(SolutionConfigurationPlatforms) = preSolution
		Debug|Any CPU = Debug|Any CPU
		Release|Any CPU = Release|Any CPU
	EndGlobalSection
	GlobalSection(ProjectConfigurationPlatforms) = postSolution
		{F1A5B057-4994-4B69-B627-6A27D55E4D0C}.Debug|Any CPU.ActiveCfg = Debug|Any CPU
		{F1A5B057-4994-4B69-B627-6A27D55E4D0C}.Debug|Any CPU.Build.0 = Debug|Any CPU
		{F1A5B057-4994-4B69-B627-6A27D55E4D0C}.Release|Any CPU.ActiveCfg = Release|Any CPU
		{F1A5B057-4994-4B69-B627-6A27D55E4D0C}.Release|Any CPU.Build.0 = Release|Any CPU
	EndGlobalSection
	GlobalSection(SolutionProperties) = preSolution
		HideSolutionNode = FALSE
	EndGlobalSection
	GlobalSection(ExtensibilityGlobals) = postSolution
		SolutionGuid = {7AEE0FCB-D38E-40F7-AF2C-29808D7F182E}
	EndGlobalSection
EndGlobal
