
Microsoft Visual Studio Solution File, Format Version 12.00
# Visual Studio 15
VisualStudioVersion = 15.0.27703.1
MinimumVisualStudioVersion = 10.0.40219.1
Project("{FAE04EC0-301F-11D3-BF4B-00C04F79EFBC}") = "Class and Struct", "ConsoleApp4\Class and Struct.csproj", "{5F5EB9F0-965E-49B7-BA1C-FE1477920CE8}"
EndProject
Project("{FAE04EC0-301F-11D3-BF4B-00C04F79EFBC}") = "Out Ref", "ConsoleApp1\Out Ref.csproj", "{1DE975BE-A14B-4718-A16A-B3E28251895B}"
EndProject
Project("{FAE04EC0-301F-11D3-BF4B-00C04F79EFBC}") = "Boxing_Unboxing", "ConsoleApp2\Boxing_Unboxing.csproj", "{4439563E-5ADA-43D1-97E0-3156ABD7B301}"
EndProject
Project("{FAE04EC0-301F-11D3-BF4B-00C04F79EFBC}") = "Static Constructor", "ConsoleApp3\Static Constructor.csproj", "{8BC132CB-E4DF-4943-996C-FB528D351397}"
EndProject
Project("{FAE04EC0-301F-11D3-BF4B-00C04F79EFBC}") = "Thread", "ConsoleApp5\Thread.csproj", "{F5F831EE-F4BF-4794-80EE-F81CB6DE487E}"
EndProject
Global
	GlobalSection(SolutionConfigurationPlatforms) = preSolution
		Debug|Any CPU = Debug|Any CPU
		Release|Any CPU = Release|Any CPU
	EndGlobalSection
	GlobalSection(ProjectConfigurationPlatforms) = postSolution
		{5F5EB9F0-965E-49B7-BA1C-FE1477920CE8}.Debug|Any CPU.ActiveCfg = Debug|Any CPU
		{5F5EB9F0-965E-49B7-BA1C-FE1477920CE8}.Debug|Any CPU.Build.0 = Debug|Any CPU
		{5F5EB9F0-965E-49B7-BA1C-FE1477920CE8}.Release|Any CPU.ActiveCfg = Release|Any CPU
		{5F5EB9F0-965E-49B7-BA1C-FE1477920CE8}.Release|Any CPU.Build.0 = Release|Any CPU
		{1DE975BE-A14B-4718-A16A-B3E28251895B}.Debug|Any CPU.ActiveCfg = Debug|Any CPU
		{1DE975BE-A14B-4718-A16A-B3E28251895B}.Debug|Any CPU.Build.0 = Debug|Any CPU
		{1DE975BE-A14B-4718-A16A-B3E28251895B}.Release|Any CPU.ActiveCfg = Release|Any CPU
		{1DE975BE-A14B-4718-A16A-B3E28251895B}.Release|Any CPU.Build.0 = Release|Any CPU
		{4439563E-5ADA-43D1-97E0-3156ABD7B301}.Debug|Any CPU.ActiveCfg = Debug|Any CPU
		{4439563E-5ADA-43D1-97E0-3156ABD7B301}.Debug|Any CPU.Build.0 = Debug|Any CPU
		{4439563E-5ADA-43D1-97E0-3156ABD7B301}.Release|Any CPU.ActiveCfg = Release|Any CPU
		{4439563E-5ADA-43D1-97E0-3156ABD7B301}.Release|Any CPU.Build.0 = Release|Any CPU
		{8BC132CB-E4DF-4943-996C-FB528D351397}.Debug|Any CPU.ActiveCfg = Debug|Any CPU
		{8BC132CB-E4DF-4943-996C-FB528D351397}.Debug|Any CPU.Build.0 = Debug|Any CPU
		{8BC132CB-E4DF-4943-996C-FB528D351397}.Release|Any CPU.ActiveCfg = Release|Any CPU
		{8BC132CB-E4DF-4943-996C-FB528D351397}.Release|Any CPU.Build.0 = Release|Any CPU
		{F5F831EE-F4BF-4794-80EE-F81CB6DE487E}.Debug|Any CPU.ActiveCfg = Debug|Any CPU
		{F5F831EE-F4BF-4794-80EE-F81CB6DE487E}.Debug|Any CPU.Build.0 = Debug|Any CPU
		{F5F831EE-F4BF-4794-80EE-F81CB6DE487E}.Release|Any CPU.ActiveCfg = Release|Any CPU
		{F5F831EE-F4BF-4794-80EE-F81CB6DE487E}.Release|Any CPU.Build.0 = Release|Any CPU
	EndGlobalSection
	GlobalSection(SolutionProperties) = preSolution
		HideSolutionNode = FALSE
	EndGlobalSection
	GlobalSection(ExtensibilityGlobals) = postSolution
		SolutionGuid = {62FA3E6D-5467-45A5-867E-C2B4AA2CFE51}
	EndGlobalSection
EndGlobal
