
Microsoft Visual Studio Solution File, Format Version 12.00
# Visual Studio 15
VisualStudioVersion = 15.0.27703.1
MinimumVisualStudioVersion = 10.0.40219.1
Project("{FAE04EC0-301F-11D3-BF4B-00C04F79EFBC}") = "PatternProxy", "Patternpr\PatternProxy.csproj", "{E85AB221-E6B4-4A09-BCB6-885BF0F91E24}"
EndProject
Project("{FAE04EC0-301F-11D3-BF4B-00C04F79EFBC}") = "Decorator", "Decorator\Decorator.csproj", "{D9C9F0E1-8B20-4EE4-A647-CA7A9D9BFCA1}"
EndProject
Project("{FAE04EC0-301F-11D3-BF4B-00C04F79EFBC}") = "Facade", "Facade\Facade.csproj", "{39DED7B2-38DA-4898-B147-4F80722A2B23}"
EndProject
Project("{FAE04EC0-301F-11D3-BF4B-00C04F79EFBC}") = "TestClass", "TestClass\TestClass.csproj", "{D8CC25C6-69E7-43E9-B172-D1911D79CA9D}"
EndProject
Global
	GlobalSection(SolutionConfigurationPlatforms) = preSolution
		Debug|Any CPU = Debug|Any CPU
		Release|Any CPU = Release|Any CPU
	EndGlobalSection
	GlobalSection(ProjectConfigurationPlatforms) = postSolution
		{E85AB221-E6B4-4A09-BCB6-885BF0F91E24}.Debug|Any CPU.ActiveCfg = Debug|Any CPU
		{E85AB221-E6B4-4A09-BCB6-885BF0F91E24}.Debug|Any CPU.Build.0 = Debug|Any CPU
		{E85AB221-E6B4-4A09-BCB6-885BF0F91E24}.Release|Any CPU.ActiveCfg = Release|Any CPU
		{E85AB221-E6B4-4A09-BCB6-885BF0F91E24}.Release|Any CPU.Build.0 = Release|Any CPU
		{D9C9F0E1-8B20-4EE4-A647-CA7A9D9BFCA1}.Debug|Any CPU.ActiveCfg = Debug|Any CPU
		{D9C9F0E1-8B20-4EE4-A647-CA7A9D9BFCA1}.Debug|Any CPU.Build.0 = Debug|Any CPU
		{D9C9F0E1-8B20-4EE4-A647-CA7A9D9BFCA1}.Release|Any CPU.ActiveCfg = Release|Any CPU
		{D9C9F0E1-8B20-4EE4-A647-CA7A9D9BFCA1}.Release|Any CPU.Build.0 = Release|Any CPU
		{39DED7B2-38DA-4898-B147-4F80722A2B23}.Debug|Any CPU.ActiveCfg = Debug|Any CPU
		{39DED7B2-38DA-4898-B147-4F80722A2B23}.Debug|Any CPU.Build.0 = Debug|Any CPU
		{39DED7B2-38DA-4898-B147-4F80722A2B23}.Release|Any CPU.ActiveCfg = Release|Any CPU
		{39DED7B2-38DA-4898-B147-4F80722A2B23}.Release|Any CPU.Build.0 = Release|Any CPU
		{D8CC25C6-69E7-43E9-B172-D1911D79CA9D}.Debug|Any CPU.ActiveCfg = Debug|Any CPU
		{D8CC25C6-69E7-43E9-B172-D1911D79CA9D}.Debug|Any CPU.Build.0 = Debug|Any CPU
		{D8CC25C6-69E7-43E9-B172-D1911D79CA9D}.Release|Any CPU.ActiveCfg = Release|Any CPU
		{D8CC25C6-69E7-43E9-B172-D1911D79CA9D}.Release|Any CPU.Build.0 = Release|Any CPU
	EndGlobalSection
	GlobalSection(SolutionProperties) = preSolution
		HideSolutionNode = FALSE
	EndGlobalSection
	GlobalSection(ExtensibilityGlobals) = postSolution
		SolutionGuid = {452F7534-3919-43AE-89ED-5BD275E00E91}
	EndGlobalSection
EndGlobal
