
Microsoft Visual Studio Solution File, Format Version 12.00
# Visual Studio 15
VisualStudioVersion = 15.0.27703.1
MinimumVisualStudioVersion = 10.0.40219.1
Project("{FAE04EC0-301F-11D3-BF4B-00C04F79EFBC}") = "Array", "ConsoleApp6\Array.csproj", "{EAEAB453-CC9F-487D-89B0-5965423393EE}"
EndProject
Project("{FAE04EC0-301F-11D3-BF4B-00C04F79EFBC}") = "String", "String\String.csproj", "{BD55FE3E-3B8E-4877-89DC-39695CD437CB}"
EndProject
Project("{FAE04EC0-301F-11D3-BF4B-00C04F79EFBC}") = "MATRICE", "MATRICE\MATRICE.csproj", "{ED8600CE-74CB-43FA-9264-CAAA9534CF59}"
EndProject
Project("{FAE04EC0-301F-11D3-BF4B-00C04F79EFBC}") = "Misc", "Misc\Misc.csproj", "{5027CFF8-4691-4E97-8A0E-655BA146DBA0}"
EndProject
Global
	GlobalSection(SolutionConfigurationPlatforms) = preSolution
		Debug|Any CPU = Debug|Any CPU
		Release|Any CPU = Release|Any CPU
	EndGlobalSection
	GlobalSection(ProjectConfigurationPlatforms) = postSolution
		{EAEAB453-CC9F-487D-89B0-5965423393EE}.Debug|Any CPU.ActiveCfg = Debug|Any CPU
		{EAEAB453-CC9F-487D-89B0-5965423393EE}.Debug|Any CPU.Build.0 = Debug|Any CPU
		{EAEAB453-CC9F-487D-89B0-5965423393EE}.Release|Any CPU.ActiveCfg = Release|Any CPU
		{EAEAB453-CC9F-487D-89B0-5965423393EE}.Release|Any CPU.Build.0 = Release|Any CPU
		{BD55FE3E-3B8E-4877-89DC-39695CD437CB}.Debug|Any CPU.ActiveCfg = Debug|Any CPU
		{BD55FE3E-3B8E-4877-89DC-39695CD437CB}.Debug|Any CPU.Build.0 = Debug|Any CPU
		{BD55FE3E-3B8E-4877-89DC-39695CD437CB}.Release|Any CPU.ActiveCfg = Release|Any CPU
		{BD55FE3E-3B8E-4877-89DC-39695CD437CB}.Release|Any CPU.Build.0 = Release|Any CPU
		{ED8600CE-74CB-43FA-9264-CAAA9534CF59}.Debug|Any CPU.ActiveCfg = Debug|Any CPU
		{ED8600CE-74CB-43FA-9264-CAAA9534CF59}.Debug|Any CPU.Build.0 = Debug|Any CPU
		{ED8600CE-74CB-43FA-9264-CAAA9534CF59}.Release|Any CPU.ActiveCfg = Release|Any CPU
		{ED8600CE-74CB-43FA-9264-CAAA9534CF59}.Release|Any CPU.Build.0 = Release|Any CPU
		{5027CFF8-4691-4E97-8A0E-655BA146DBA0}.Debug|Any CPU.ActiveCfg = Debug|Any CPU
		{5027CFF8-4691-4E97-8A0E-655BA146DBA0}.Debug|Any CPU.Build.0 = Debug|Any CPU
		{5027CFF8-4691-4E97-8A0E-655BA146DBA0}.Release|Any CPU.ActiveCfg = Release|Any CPU
		{5027CFF8-4691-4E97-8A0E-655BA146DBA0}.Release|Any CPU.Build.0 = Release|Any CPU
	EndGlobalSection
	GlobalSection(SolutionProperties) = preSolution
		HideSolutionNode = FALSE
	EndGlobalSection
	GlobalSection(ExtensibilityGlobals) = postSolution
		SolutionGuid = {BBBE56D9-06DA-40E4-AC25-C3834BD0DD6C}
	EndGlobalSection
EndGlobal
