
Microsoft Visual Studio Solution File, Format Version 12.00
# Visual Studio 15
VisualStudioVersion = 15.0.27703.1
MinimumVisualStudioVersion = 10.0.40219.1
Project("{FAE04EC0-301F-11D3-BF4B-00C04F79EFBC}") = "Book", "ConsoleApp9\Book.csproj", "{40D61780-A6A7-4936-A0C5-6999BAA10179}"
EndProject
Project("{FAE04EC0-301F-11D3-BF4B-00C04F79EFBC}") = "ArrayGeneric", "ArrayGeneric\ArrayGeneric.csproj", "{15850976-F6D0-4CE3-B8FF-5F244BBC0FE4}"
EndProject
Global
	GlobalSection(SolutionConfigurationPlatforms) = preSolution
		Debug|Any CPU = Debug|Any CPU
		Release|Any CPU = Release|Any CPU
	EndGlobalSection
	GlobalSection(ProjectConfigurationPlatforms) = postSolution
		{40D61780-A6A7-4936-A0C5-6999BAA10179}.Debug|Any CPU.ActiveCfg = Debug|Any CPU
		{40D61780-A6A7-4936-A0C5-6999BAA10179}.Debug|Any CPU.Build.0 = Debug|Any CPU
		{40D61780-A6A7-4936-A0C5-6999BAA10179}.Release|Any CPU.ActiveCfg = Release|Any CPU
		{40D61780-A6A7-4936-A0C5-6999BAA10179}.Release|Any CPU.Build.0 = Release|Any CPU
		{15850976-F6D0-4CE3-B8FF-5F244BBC0FE4}.Debug|Any CPU.ActiveCfg = Debug|Any CPU
		{15850976-F6D0-4CE3-B8FF-5F244BBC0FE4}.Debug|Any CPU.Build.0 = Debug|Any CPU
		{15850976-F6D0-4CE3-B8FF-5F244BBC0FE4}.Release|Any CPU.ActiveCfg = Release|Any CPU
		{15850976-F6D0-4CE3-B8FF-5F244BBC0FE4}.Release|Any CPU.Build.0 = Release|Any CPU
	EndGlobalSection
	GlobalSection(SolutionProperties) = preSolution
		HideSolutionNode = FALSE
	EndGlobalSection
	GlobalSection(ExtensibilityGlobals) = postSolution
		SolutionGuid = {6EEE2A6D-B04E-437A-9D71-91815E03BD10}
	EndGlobalSection
EndGlobal
